
Microsoft Visual Studio Solution File, Format Version 12.00
# Visual Studio Version 16
VisualStudioVersion = 16.0.34114.132
MinimumVisualStudioVersion = 10.0.40219.1
Project("{FAE04EC0-301F-11D3-BF4B-00C04F79EFBC}") = "MvcAssignment", "MvcAssignment.csproj", "{BB7EFC6C-D1D0-41E8-9BFD-A5A31475EF70}"
EndProject
Global
	GlobalSection(SolutionConfigurationPlatforms) = preSolution
		Debug|Any CPU = Debug|Any CPU
		Release|Any CPU = Release|Any CPU
	EndGlobalSection
	GlobalSection(ProjectConfigurationPlatforms) = postSolution
		{BB7EFC6C-D1D0-41E8-9BFD-A5A31475EF70}.Debug|Any CPU.ActiveCfg = Debug|Any CPU
		{BB7EFC6C-D1D0-41E8-9BFD-A5A31475EF70}.Debug|Any CPU.Build.0 = Debug|Any CPU
		{BB7EFC6C-D1D0-41E8-9BFD-A5A31475EF70}.Release|Any CPU.ActiveCfg = Release|Any CPU
		{BB7EFC6C-D1D0-41E8-9BFD-A5A31475EF70}.Release|Any CPU.Build.0 = Release|Any CPU
	EndGlobalSection
	GlobalSection(SolutionProperties) = preSolution
		HideSolutionNode = FALSE
	EndGlobalSection
	GlobalSection(ExtensibilityGlobals) = postSolution
		SolutionGuid = {1435C4B2-B822-416A-9043-B347D4FDAFAD}
	EndGlobalSection
EndGlobal
